// !$*UTF8*$!
{
	archiveVersion = 1;
	classes = {
	};
	objectVersion = 77;
	objects = {

/* Begin PBXContainerItemProxy section */
		ACAA1AE92CE83AE4001C1A67 /* PBXContainerItemProxy */ = {
			isa = PBXContainerItemProxy;
			containerPortal = ACAA1AD02CE83AE2001C1A67 /* Project object */;
			proxyType = 1;
			remoteGlobalIDString = ACAA1AD72CE83AE2001C1A67;
			remoteInfo = carIdentifier;
		};
		ACAA1AF32CE83AE4001C1A67 /* PBXContainerItemProxy */ = {
			isa = PBXContainerItemProxy;
			containerPortal = ACAA1AD02CE83AE2001C1A67 /* Project object */;
			proxyType = 1;
			remoteGlobalIDString = ACAA1AD72CE83AE2001C1A67;
			remoteInfo = carIdentifier;
		};
/* End PBXContainerItemProxy section */

/* Begin PBXFileReference section */
		ACAA1AD82CE83AE2001C1A67 /* carIdentifier.app */ = {isa = PBXFileReference; explicitFileType = wrapper.application; includeInIndex = 0; path = carIdentifier.app; sourceTree = BUILT_PRODUCTS_DIR; };
		ACAA1AE82CE83AE4001C1A67 /* carIdentifierTests.xctest */ = {isa = PBXFileReference; explicitFileType = wrapper.cfbundle; includeInIndex = 0; path = carIdentifierTests.xctest; sourceTree = BUILT_PRODUCTS_DIR; };
		ACAA1AF22CE83AE4001C1A67 /* carIdentifierUITests.xctest */ = {isa = PBXFileReference; explicitFileType = wrapper.cfbundle; includeInIndex = 0; path = carIdentifierUITests.xctest; sourceTree = BUILT_PRODUCTS_DIR; };
/* End PBXFileReference section */

/* Begin PBXFileSystemSynchronizedRootGroup section */
		ACAA1ADA2CE83AE2001C1A67 /* carIdentifier */ = {
			isa = PBXFileSystemSynchronizedRootGroup;
			path = carIdentifier;
			sourceTree = "<group>";
		};
		ACAA1AEB2CE83AE4001C1A67 /* carIdentifierTests */ = {
			isa = PBXFileSystemSynchronizedRootGroup;
			path = carIdentifierTests;
			sourceTree = "<group>";
		};
		ACAA1AF52CE83AE4001C1A67 /* carIdentifierUITests */ = {
			isa = PBXFileSystemSynchronizedRootGroup;
			path = carIdentifierUITests;
			sourceTree = "<group>";
		};
/* End PBXFileSystemSynchronizedRootGroup section */

/* Begin PBXFrameworksBuildPhase section */
		ACAA1AD52CE83AE2001C1A67 /* Frameworks */ = {
			isa = PBXFrameworksBuildPhase;
			buildActionMask = 2147483647;
			files = (
			);
			runOnlyForDeploymentPostprocessing = 0;
		};
		ACAA1AE52CE83AE4001C1A67 /* Frameworks */ = {
			isa = PBXFrameworksBuildPhase;
			buildActionMask = 2147483647;
			files = (
			);
			runOnlyForDeploymentPostprocessing = 0;
		};
		ACAA1AEF2CE83AE4001C1A67 /* Frameworks */ = {
			isa = PBXFrameworksBuildPhase;
			buildActionMask = 2147483647;
			files = (
			);
			runOnlyForDeploymentPostprocessing = 0;
		};
/* End PBXFrameworksBuildPhase section */

/* Begin PBXGroup section */
		ACAA1ACF2CE83AE2001C1A67 = {
			isa = PBXGroup;
			children = (
				ACAA1ADA2CE83AE2001C1A67 /* carIdentifier */,
				ACAA1AEB2CE83AE4001C1A67 /* carIdentifierTests */,
				ACAA1AF52CE83AE4001C1A67 /* carIdentifierUITests */,
				ACAA1AD92CE83AE2001C1A67 /* Products */,
			);
			sourceTree = "<group>";
		};
		ACAA1AD92CE83AE2001C1A67 /* Products */ = {
			isa = PBXGroup;
			children = (
				ACAA1AD82CE83AE2001C1A67 /* carIdentifier.app */,
				ACAA1AE82CE83AE4001C1A67 /* carIdentifierTests.xctest */,
				ACAA1AF22CE83AE4001C1A67 /* carIdentifierUITests.xctest */,
			);
			name = Products;
			sourceTree = "<group>";
		};
/* End PBXGroup section */

/* Begin PBXNativeTarget section */
		ACAA1AD72CE83AE2001C1A67 /* carIdentifier */ = {
			isa = PBXNativeTarget;
			buildConfigurationList = ACAA1AFC2CE83AE4001C1A67 /* Build configuration list for PBXNativeTarget "carIdentifier" */;
			buildPhases = (
				ACAA1AD42CE83AE2001C1A67 /* Sources */,
				ACAA1AD52CE83AE2001C1A67 /* Frameworks */,
				ACAA1AD62CE83AE2001C1A67 /* Resources */,
			);
			buildRules = (
			);
			dependencies = (
			);
			fileSystemSynchronizedGroups = (
				ACAA1ADA2CE83AE2001C1A67 /* carIdentifier */,
			);
			name = carIdentifier;
			packageProductDependencies = (
			);
			productName = carIdentifier;
			productReference = ACAA1AD82CE83AE2001C1A67 /* carIdentifier.app */;
			productType = "com.apple.product-type.application";
		};
		ACAA1AE72CE83AE4001C1A67 /* carIdentifierTests */ = {
			isa = PBXNativeTarget;
			buildConfigurationList = ACAA1AFF2CE83AE4001C1A67 /* Build configuration list for PBXNativeTarget "carIdentifierTests" */;
			buildPhases = (
				ACAA1AE42CE83AE4001C1A67 /* Sources */,
				ACAA1AE52CE83AE4001C1A67 /* Frameworks */,
				ACAA1AE62CE83AE4001C1A67 /* Resources */,
			);
			buildRules = (
			);
			dependencies = (
				ACAA1AEA2CE83AE4001C1A67 /* PBXTargetDependency */,
			);
			fileSystemSynchronizedGroups = (
				ACAA1AEB2CE83AE4001C1A67 /* carIdentifierTests */,
			);
			name = carIdentifierTests;
			packageProductDependencies = (
			);
			productName = carIdentifierTests;
			productReference = ACAA1AE82CE83AE4001C1A67 /* carIdentifierTests.xctest */;
			productType = "com.apple.product-type.bundle.unit-test";
		};
		ACAA1AF12CE83AE4001C1A67 /* carIdentifierUITests */ = {
			isa = PBXNativeTarget;
			buildConfigurationList = ACAA1B022CE83AE4001C1A67 /* Build configuration list for PBXNativeTarget "carIdentifierUITests" */;
			buildPhases = (
				ACAA1AEE2CE83AE4001C1A67 /* Sources */,
				ACAA1AEF2CE83AE4001C1A67 /* Frameworks */,
				ACAA1AF02CE83AE4001C1A67 /* Resources */,
			);
			buildRules = (
			);
			dependencies = (
				ACAA1AF42CE83AE4001C1A67 /* PBXTargetDependency */,
			);
			fileSystemSynchronizedGroups = (
				ACAA1AF52CE83AE4001C1A67 /* carIdentifierUITests */,
			);
			name = carIdentifierUITests;
			packageProductDependencies = (
			);
			productName = carIdentifierUITests;
			productReference = ACAA1AF22CE83AE4001C1A67 /* carIdentifierUITests.xctest */;
			productType = "com.apple.product-type.bundle.ui-testing";
		};
/* End PBXNativeTarget section */

/* Begin PBXProject section */
		ACAA1AD02CE83AE2001C1A67 /* Project object */ = {
			isa = PBXProject;
			attributes = {
				BuildIndependentTargetsInParallel = 1;
				LastSwiftUpdateCheck = 1610;
				LastUpgradeCheck = 1610;
				TargetAttributes = {
					ACAA1AD72CE83AE2001C1A67 = {
						CreatedOnToolsVersion = 16.1;
					};
					ACAA1AE72CE83AE4001C1A67 = {
						CreatedOnToolsVersion = 16.1;
						TestTargetID = ACAA1AD72CE83AE2001C1A67;
					};
					ACAA1AF12CE83AE4001C1A67 = {
						CreatedOnToolsVersion = 16.1;
						TestTargetID = ACAA1AD72CE83AE2001C1A67;
					};
				};
			};
			buildConfigurationList = ACAA1AD32CE83AE2001C1A67 /* Build configuration list for PBXProject "carIdentifier" */;
			developmentRegion = en;
			hasScannedForEncodings = 0;
			knownRegions = (
				en,
				Base,
			);
			mainGroup = ACAA1ACF2CE83AE2001C1A67;
			minimizedProjectReferenceProxies = 1;
			preferredProjectObjectVersion = 77;
			productRefGroup = ACAA1AD92CE83AE2001C1A67 /* Products */;
			projectDirPath = "";
			projectRoot = "";
			targets = (
				ACAA1AD72CE83AE2001C1A67 /* carIdentifier */,
				ACAA1AE72CE83AE4001C1A67 /* carIdentifierTests */,
				ACAA1AF12CE83AE4001C1A67 /* carIdentifierUITests */,
			);
		};
/* End PBXProject section */

/* Begin PBXResourcesBuildPhase section */
		ACAA1AD62CE83AE2001C1A67 /* Resources */ = {
			isa = PBXResourcesBuildPhase;
			buildActionMask = 2147483647;
			files = (
			);
			runOnlyForDeploymentPostprocessing = 0;
		};
		ACAA1AE62CE83AE4001C1A67 /* Resources */ = {
			isa = PBXResourcesBuildPhase;
			buildActionMask = 2147483647;
			files = (
			);
			runOnlyForDeploymentPostprocessing = 0;
		};
		ACAA1AF02CE83AE4001C1A67 /* Resources */ = {
			isa = PBXResourcesBuildPhase;
			buildActionMask = 2147483647;
			files = (
			);
			runOnlyForDeploymentPostprocessing = 0;
		};
/* End PBXResourcesBuildPhase section */

/* Begin PBXSourcesBuildPhase section */
		ACAA1AD42CE83AE2001C1A67 /* Sources */ = {
			isa = PBXSourcesBuildPhase;
			buildActionMask = 2147483647;
			files = (
			);
			runOnlyForDeploymentPostprocessing = 0;
		};
		ACAA1AE42CE83AE4001C1A67 /* Sources */ = {
			isa = PBXSourcesBuildPhase;
			buildActionMask = 2147483647;
			files = (
			);
			runOnlyForDeploymentPostprocessing = 0;
		};
		ACAA1AEE2CE83AE4001C1A67 /* Sources */ = {
			isa = PBXSourcesBuildPhase;
			buildActionMask = 2147483647;
			files = (
			);
			runOnlyForDeploymentPostprocessing = 0;
		};
/* End PBXSourcesBuildPhase section */

/* Begin PBXTargetDependency section */
		ACAA1AEA2CE83AE4001C1A67 /* PBXTargetDependency */ = {
			isa = PBXTargetDependency;
			target = ACAA1AD72CE83AE2001C1A67 /* carIdentifier */;
			targetProxy = ACAA1AE92CE83AE4001C1A67 /* PBXContainerItemProxy */;
		};
		ACAA1AF42CE83AE4001C1A67 /* PBXTargetDependency */ = {
			isa = PBXTargetDependency;
			target = ACAA1AD72CE83AE2001C1A67 /* carIdentifier */;
			targetProxy = ACAA1AF32CE83AE4001C1A67 /* PBXContainerItemProxy */;
		};
/* End PBXTargetDependency section */

/* Begin XCBuildConfiguration section */
		ACAA1AFA2CE83AE4001C1A67 /* Debug */ = {
			isa = XCBuildConfiguration;
			buildSettings = {
				ALWAYS_SEARCH_USER_PATHS = NO;
				ASSETCATALOG_COMPILER_GENERATE_SWIFT_ASSET_SYMBOL_EXTENSIONS = YES;
				CLANG_ANALYZER_NONNULL = YES;
				CLANG_ANALYZER_NUMBER_OBJECT_CONVERSION = YES_AGGRESSIVE;
				CLANG_CXX_LANGUAGE_STANDARD = "gnu++20";
				CLANG_ENABLE_MODULES = YES;
				CLANG_ENABLE_OBJC_ARC = YES;
				CLANG_ENABLE_OBJC_WEAK = YES;
				CLANG_WARN_BLOCK_CAPTURE_AUTORELEASING = YES;
				CLANG_WARN_BOOL_CONVERSION = YES;
				CLANG_WARN_COMMA = YES;
				CLANG_WARN_CONSTANT_CONVERSION = YES;
				CLANG_WARN_DEPRECATED_OBJC_IMPLEMENTATIONS = YES;
				CLANG_WARN_DIRECT_OBJC_ISA_USAGE = YES_ERROR;
				CLANG_WARN_DOCUMENTATION_COMMENTS = YES;
				CLANG_WARN_EMPTY_BODY = YES;
				CLANG_WARN_ENUM_CONVERSION = YES;
				CLANG_WARN_INFINITE_RECURSION = YES;
				CLANG_WARN_INT_CONVERSION = YES;
				CLANG_WARN_NON_LITERAL_NULL_CONVERSION = YES;
				CLANG_WARN_OBJC_IMPLICIT_RETAIN_SELF = YES;
				CLANG_WARN_OBJC_LITERAL_CONVERSION = YES;
				CLANG_WARN_OBJC_ROOT_CLASS = YES_ERROR;
				CLANG_WARN_QUOTED_INCLUDE_IN_FRAMEWORK_HEADER = YES;
				CLANG_WARN_RANGE_LOOP_ANALYSIS = YES;
				CLANG_WARN_STRICT_PROTOTYPES = YES;
				CLANG_WARN_SUSPICIOUS_MOVE = YES;
				CLANG_WARN_UNGUARDED_AVAILABILITY = YES_AGGRESSIVE;
				CLANG_WARN_UNREACHABLE_CODE = YES;
				CLANG_WARN__DUPLICATE_METHOD_MATCH = YES;
				COPY_PHASE_STRIP = NO;
				DEBUG_INFORMATION_FORMAT = dwarf;
				ENABLE_STRICT_OBJC_MSGSEND = YES;
				ENABLE_TESTABILITY = YES;
				ENABLE_USER_SCRIPT_SANDBOXING = YES;
				GCC_C_LANGUAGE_STANDARD = gnu17;
				GCC_DYNAMIC_NO_PIC = NO;
				GCC_NO_COMMON_BLOCKS = YES;
				GCC_OPTIMIZATION_LEVEL = 0;
				GCC_PREPROCESSOR_DEFINITIONS = (
					"DEBUG=1",
					"$(inherited)",
				);
				GCC_WARN_64_TO_32_BIT_CONVERSION = YES;
				GCC_WARN_ABOUT_RETURN_TYPE = YES_ERROR;
				GCC_WARN_UNDECLARED_SELECTOR = YES;
				GCC_WARN_UNINITIALIZED_AUTOS = YES_AGGRESSIVE;
				GCC_WARN_UNUSED_FUNCTION = YES;
				GCC_WARN_UNUSED_VARIABLE = YES;
				IPHONEOS_DEPLOYMENT_TARGET = 18.1;
				LOCALIZATION_PREFERS_STRING_CATALOGS = YES;
				MTL_ENABLE_DEBUG_INFO = INCLUDE_SOURCE;
				MTL_FAST_MATH = YES;
				ONLY_ACTIVE_ARCH = YES;
				SDKROOT = iphoneos;
				SWIFT_ACTIVE_COMPILATION_CONDITIONS = "DEBUG $(inherited)";
				SWIFT_OPTIMIZATION_LEVEL = "-Onone";
			};
			name = Debug;
		};
		ACAA1AFB2CE83AE4001C1A67 /* Release */ = {
			isa = XCBuildConfiguration;
			buildSettings = {
				ALWAYS_SEARCH_USER_PATHS = NO;
				ASSETCATALOG_COMPILER_GENERATE_SWIFT_ASSET_SYMBOL_EXTENSIONS = YES;
				CLANG_ANALYZER_NONNULL = YES;
				CLANG_ANALYZER_NUMBER_OBJECT_CONVERSION = YES_AGGRESSIVE;
				CLANG_CXX_LANGUAGE_STANDARD = "gnu++20";
				CLANG_ENABLE_MODULES = YES;
				CLANG_ENABLE_OBJC_ARC = YES;
				CLANG_ENABLE_OBJC_WEAK = YES;
				CLANG_WARN_BLOCK_CAPTURE_AUTORELEASING = YES;
				CLANG_WARN_BOOL_CONVERSION = YES;
				CLANG_WARN_COMMA = YES;
				CLANG_WARN_CONSTANT_CONVERSION = YES;
				CLANG_WARN_DEPRECATED_OBJC_IMPLEMENTATIONS = YES;
				CLANG_WARN_DIRECT_OBJC_ISA_USAGE = YES_ERROR;
				CLANG_WARN_DOCUMENTATION_COMMENTS = YES;
				CLANG_WARN_EMPTY_BODY = YES;
				CLANG_WARN_ENUM_CONVERSION = YES;
				CLANG_WARN_INFINITE_RECURSION = YES;
				CLANG_WARN_INT_CONVERSION = YES;
				CLANG_WARN_NON_LITERAL_NULL_CONVERSION = YES;
				CLANG_WARN_OBJC_IMPLICIT_RETAIN_SELF = YES;
				CLANG_WARN_OBJC_LITERAL_CONVERSION = YES;
				CLANG_WARN_OBJC_ROOT_CLASS = YES_ERROR;
				CLANG_WARN_QUOTED_INCLUDE_IN_FRAMEWORK_HEADER = YES;
				CLANG_WARN_RANGE_LOOP_ANALYSIS = YES;
				CLANG_WARN_STRICT_PROTOTYPES = YES;
				CLANG_WARN_SUSPICIOUS_MOVE = YES;
				CLANG_WARN_UNGUARDED_AVAILABILITY = YES_AGGRESSIVE;
				CLANG_WARN_UNREACHABLE_CODE = YES;
				CLANG_WARN__DUPLICATE_METHOD_MATCH = YES;
				COPY_PHASE_STRIP = NO;
				DEBUG_INFORMATION_FORMAT = "dwarf-with-dsym";
				ENABLE_NS_ASSERTIONS = NO;
				ENABLE_STRICT_OBJC_MSGSEND = YES;
				ENABLE_USER_SCRIPT_SANDBOXING = YES;
				GCC_C_LANGUAGE_STANDARD = gnu17;
				GCC_NO_COMMON_BLOCKS = YES;
				GCC_WARN_64_TO_32_BIT_CONVERSION = YES;
				GCC_WARN_ABOUT_RETURN_TYPE = YES_ERROR;
				GCC_WARN_UNDECLARED_SELECTOR = YES;
				GCC_WARN_UNINITIALIZED_AUTOS = YES_AGGRESSIVE;
				GCC_WARN_UNUSED_FUNCTION = YES;
				GCC_WARN_UNUSED_VARIABLE = YES;
				IPHONEOS_DEPLOYMENT_TARGET = 18.1;
				LOCALIZATION_PREFERS_STRING_CATALOGS = YES;
				MTL_ENABLE_DEBUG_INFO = NO;
				MTL_FAST_MATH = YES;
				SDKROOT = iphoneos;
				SWIFT_COMPILATION_MODE = wholemodule;
				VALIDATE_PRODUCT = YES;
			};
			name = Release;
		};
		ACAA1AFD2CE83AE4001C1A67 /* Debug */ = {
			isa = XCBuildConfiguration;
			buildSettings = {
				ASSETCATALOG_COMPILER_APPICON_NAME = AppIcon;
				ASSETCATALOG_COMPILER_GLOBAL_ACCENT_COLOR_NAME = AccentColor;
				CODE_SIGN_STYLE = Automatic;
				CURRENT_PROJECT_VERSION = 1;
				DEVELOPMENT_ASSET_PATHS = "\"carIdentifier/Preview Content\"";
				ENABLE_PREVIEWS = YES;
				GENERATE_INFOPLIST_FILE = YES;
				INFOPLIST_KEY_UIApplicationSceneManifest_Generation = YES;
				INFOPLIST_KEY_UIApplicationSupportsIndirectInputEvents = YES;
				INFOPLIST_KEY_UILaunchScreen_Generation = YES;
				INFOPLIST_KEY_UISupportedInterfaceOrientations_iPad = "UIInterfaceOrientationPortrait UIInterfaceOrientationPortraitUpsideDown UIInterfaceOrientationLandscapeLeft UIInterfaceOrientationLandscapeRight";
				INFOPLIST_KEY_UISupportedInterfaceOrientations_iPhone = "UIInterfaceOrientationPortrait UIInterfaceOrientationLandscapeLeft UIInterfaceOrientationLandscapeRight";
				LD_RUNPATH_SEARCH_PATHS = (
					"$(inherited)",
					"@executable_path/Frameworks",
				);
				MARKETING_VERSION = 1.0;
				PRODUCT_BUNDLE_IDENTIFIER = deliveried.carIdentifier;
				PRODUCT_NAME = "$(TARGET_NAME)";
				SWIFT_EMIT_LOC_STRINGS = YES;
				SWIFT_VERSION = 5.0;
				TARGETED_DEVICE_FAMILY = "1,2";
			};
			name = Debug;
		};
		ACAA1AFE2CE83AE4001C1A67 /* Release */ = {
			isa = XCBuildConfiguration;
			buildSettings = {
				ASSETCATALOG_COMPILER_APPICON_NAME = AppIcon;
				ASSETCATALOG_COMPILER_GLOBAL_ACCENT_COLOR_NAME = AccentColor;
				CODE_SIGN_STYLE = Automatic;
				CURRENT_PROJECT_VERSION = 1;
				DEVELOPMENT_ASSET_PATHS = "\"carIdentifier/Preview Content\"";
				ENABLE_PREVIEWS = YES;
				GENERATE_INFOPLIST_FILE = YES;
				INFOPLIST_KEY_UIApplicationSceneManifest_Generation = YES;
				INFOPLIST_KEY_UIApplicationSupportsIndirectInputEvents = YES;
				INFOPLIST_KEY_UILaunchScreen_Generation = YES;
				INFOPLIST_KEY_UISupportedInterfaceOrientations_iPad = "UIInterfaceOrientationPortrait UIInterfaceOrientationPortraitUpsideDown UIInterfaceOrientationLandscapeLeft UIInterfaceOrientationLandscapeRight";
				INFOPLIST_KEY_UISupportedInterfaceOrientations_iPhone = "UIInterfaceOrientationPortrait UIInterfaceOrientationLandscapeLeft UIInterfaceOrientationLandscapeRight";
				LD_RUNPATH_SEARCH_PATHS = (
					"$(inherited)",
					"@executable_path/Frameworks",
				);
				MARKETING_VERSION = 1.0;
				PRODUCT_BUNDLE_IDENTIFIER = deliveried.carIdentifier;
				PRODUCT_NAME = "$(TARGET_NAME)";
				SWIFT_EMIT_LOC_STRINGS = YES;
				SWIFT_VERSION = 5.0;
				TARGETED_DEVICE_FAMILY = "1,2";
			};
			name = Release;
		};
		ACAA1B002CE83AE4001C1A67 /* Debug */ = {
			isa = XCBuildConfiguration;
			buildSettings = {
				BUNDLE_LOADER = "$(TEST_HOST)";
				CODE_SIGN_STYLE = Automatic;
				CURRENT_PROJECT_VERSION = 1;
				GENERATE_INFOPLIST_FILE = YES;
				IPHONEOS_DEPLOYMENT_TARGET = 18.1;
				MARKETING_VERSION = 1.0;
				PRODUCT_BUNDLE_IDENTIFIER = deliveried.carIdentifierTests;
				PRODUCT_NAME = "$(TARGET_NAME)";
				SWIFT_EMIT_LOC_STRINGS = NO;
				SWIFT_VERSION = 5.0;
				TARGETED_DEVICE_FAMILY = "1,2";
				TEST_HOST = "$(BUILT_PRODUCTS_DIR)/carIdentifier.app/$(BUNDLE_EXECUTABLE_FOLDER_PATH)/carIdentifier";
			};
			name = Debug;
		};
		ACAA1B012CE83AE4001C1A67 /* Release */ = {
			isa = XCBuildConfiguration;
			buildSettings = {
				BUNDLE_LOADER = "$(TEST_HOST)";
				CODE_SIGN_STYLE = Automatic;
				CURRENT_PROJECT_VERSION = 1;
				GENERATE_INFOPLIST_FILE = YES;
				IPHONEOS_DEPLOYMENT_TARGET = 18.1;
				MARKETING_VERSION = 1.0;
				PRODUCT_BUNDLE_IDENTIFIER = deliveried.carIdentifierTests;
				PRODUCT_NAME = "$(TARGET_NAME)";
				SWIFT_EMIT_LOC_STRINGS = NO;
				SWIFT_VERSION = 5.0;
				TARGETED_DEVICE_FAMILY = "1,2";
				TEST_HOST = "$(BUILT_PRODUCTS_DIR)/carIdentifier.app/$(BUNDLE_EXECUTABLE_FOLDER_PATH)/carIdentifier";
			};
			name = Release;
		};
		ACAA1B032CE83AE4001C1A67 /* Debug */ = {
			isa = XCBuildConfiguration;
			buildSettings = {
				CODE_SIGN_STYLE = Automatic;
				CURRENT_PROJECT_VERSION = 1;
				GENERATE_INFOPLIST_FILE = YES;
				MARKETING_VERSION = 1.0;
				PRODUCT_BUNDLE_IDENTIFIER = deliveried.carIdentifierUITests;
				PRODUCT_NAME = "$(TARGET_NAME)";
				SWIFT_EMIT_LOC_STRINGS = NO;
				SWIFT_VERSION = 5.0;
				TARGETED_DEVICE_FAMILY = "1,2";
				TEST_TARGET_NAME = carIdentifier;
			};
			name = Debug;
		};
		ACAA1B042CE83AE4001C1A67 /* Release */ = {
			isa = XCBuildConfiguration;
			buildSettings = {
				CODE_SIGN_STYLE = Automatic;
				CURRENT_PROJECT_VERSION = 1;
				GENERATE_INFOPLIST_FILE = YES;
				MARKETING_VERSION = 1.0;
				PRODUCT_BUNDLE_IDENTIFIER = deliveried.carIdentifierUITests;
				PRODUCT_NAME = "$(TARGET_NAME)";
				SWIFT_EMIT_LOC_STRINGS = NO;
				SWIFT_VERSION = 5.0;
				TARGETED_DEVICE_FAMILY = "1,2";
				TEST_TARGET_NAME = carIdentifier;
			};
			name = Release;
		};
/* End XCBuildConfiguration section */

/* Begin XCConfigurationList section */
		ACAA1AD32CE83AE2001C1A67 /* Build configuration list for PBXProject "carIdentifier" */ = {
			isa = XCConfigurationList;
			buildConfigurations = (
				ACAA1AFA2CE83AE4001C1A67 /* Debug */,
				ACAA1AFB2CE83AE4001C1A67 /* Release */,
			);
			defaultConfigurationIsVisible = 0;
			defaultConfigurationName = Release;
		};
		ACAA1AFC2CE83AE4001C1A67 /* Build configuration list for PBXNativeTarget "carIdentifier" */ = {
			isa = XCConfigurationList;
			buildConfigurations = (
				ACAA1AFD2CE83AE4001C1A67 /* Debug */,
				ACAA1AFE2CE83AE4001C1A67 /* Release */,
			);
			defaultConfigurationIsVisible = 0;
			defaultConfigurationName = Release;
		};
		ACAA1AFF2CE83AE4001C1A67 /* Build configuration list for PBXNativeTarget "carIdentifierTests" */ = {
			isa = XCConfigurationList;
			buildConfigurations = (
				ACAA1B002CE83AE4001C1A67 /* Debug */,
				ACAA1B012CE83AE4001C1A67 /* Release */,
			);
			defaultConfigurationIsVisible = 0;
			defaultConfigurationName = Release;
		};
		ACAA1B022CE83AE4001C1A67 /* Build configuration list for PBXNativeTarget "carIdentifierUITests" */ = {
			isa = XCConfigurationList;
			buildConfigurations = (
				ACAA1B032CE83AE4001C1A67 /* Debug */,
				ACAA1B042CE83AE4001C1A67 /* Release */,
			);
			defaultConfigurationIsVisible = 0;
			defaultConfigurationName = Release;
		};
/* End XCConfigurationList section */
	};
	rootObject = ACAA1AD02CE83AE2001C1A67 /* Project object */;
}
